
Microsoft Visual Studio Solution File, Format Version 12.00
# Visual Studio Version 17
VisualStudioVersion = 17.13.35913.81
MinimumVisualStudioVersion = 10.0.40219.1
Project("{FAE04EC0-301F-11D3-BF4B-00C04F79EFBC}") = "Task1", "C#Tasks\Task1.csproj", "{13334FFF-8553-456F-AE8E-52EF675FB069}"
EndProject
Project("{FAE04EC0-301F-11D3-BF4B-00C04F79EFBC}") = "Task2", "Task2\Task2.csproj", "{B3D43F79-4C0F-452F-A8EA-A00BC433282E}"
EndProject
Global
	GlobalSection(SolutionConfigurationPlatforms) = preSolution
		Debug|Any CPU = Debug|Any CPU
		Release|Any CPU = Release|Any CPU
	EndGlobalSection
	GlobalSection(ProjectConfigurationPlatforms) = postSolution
		{13334FFF-8553-456F-AE8E-52EF675FB069}.Debug|Any CPU.ActiveCfg = Debug|Any CPU
		{13334FFF-8553-456F-AE8E-52EF675FB069}.Debug|Any CPU.Build.0 = Debug|Any CPU
		{13334FFF-8553-456F-AE8E-52EF675FB069}.Release|Any CPU.ActiveCfg = Release|Any CPU
		{13334FFF-8553-456F-AE8E-52EF675FB069}.Release|Any CPU.Build.0 = Release|Any CPU
		{B3D43F79-4C0F-452F-A8EA-A00BC433282E}.Debug|Any CPU.ActiveCfg = Debug|Any CPU
		{B3D43F79-4C0F-452F-A8EA-A00BC433282E}.Debug|Any CPU.Build.0 = Debug|Any CPU
		{B3D43F79-4C0F-452F-A8EA-A00BC433282E}.Release|Any CPU.ActiveCfg = Release|Any CPU
		{B3D43F79-4C0F-452F-A8EA-A00BC433282E}.Release|Any CPU.Build.0 = Release|Any CPU
	EndGlobalSection
	GlobalSection(SolutionProperties) = preSolution
		HideSolutionNode = FALSE
	EndGlobalSection
	GlobalSection(ExtensibilityGlobals) = postSolution
		SolutionGuid = {EAD0D2F3-1054-40F1-B505-F2C4C73243AD}
	EndGlobalSection
EndGlobal
